{
    "_meta": {
        "hash": {
            "sha256": "fa59dd0c99e990887fd4510e5586ddc3fc8267c41ddf5c8da032b768310eb605"
        },
        "pipfile-spec": 6,
        "requires": {
            "python_version": "3.12"
        },
        "sources": [
            {
                "name": "pypi",
                "url": "https://pypi.org/simple",
                "verify_ssl": true
            }
        ]
    },
    "default": {
        "pymupdf": {
            "hashes": [
                "sha256:26c5df128a0ed7c38b80a1e7ddd792dd4d8b264839b6b8b6b6b768b13c0bb60e",
                "sha256:84a4dc96144a6bdf13f7d78c21500b3d1bef14d658156afd479acb3995f650c3",
                "sha256:86195673a5f2b3fbf0f75c73c40975a893fc42bf3d5c2a7cce9fb160704d9997",
                "sha256:a3f6a45fcf8177763a2629a2ab2cad326e8950a0d120b174b56369365355a2a7",
                "sha256:b5d4751696ba888ab1a91c6a0208c5d31724ee0bebe406f7a83067a08214f88b",
                "sha256:e39cc74ff030d773c4e76b9e5c5919cc4683895b73bd63bfd7a349a53ab5e8d7",
                "sha256:eeb04a439355e2077f7675b8ad9377263d81990fc507748f2254a87d771d682b",
                "sha256:ffe023f820379c84a0ddae38b0d07ea4016e1de84929491c34415520c629bcce"
            ],
            "index": "pypi",
            "markers": "python_version >= '3.9'",
            "version": "==1.26.0"
        }
    },
    "develop": {}
}
